# This file is autogenerated and supposed to be committed to the git repository.
# Changing this file is not recommended and will likely break the build.
# Run `./gradlew --write-locks` to regenerate.
_libgcc_mutex=0.1=main @ linux-64
_openmp_mutex=5.1=1_gnu @ linux-64
_python_abi3_support=1.0=hd8ed1ab_1 @ noarch
_r-mutex=1.0.1=anacondar_1 @ noarch
aws-c-auth=0.8.0=hb88c0a9_10 @ linux-64
aws-c-cal=0.8.0=hecf86a2_2 @ linux-64
aws-c-common=0.10.3=hb9d3cd8_0 @ linux-64
aws-c-compression=0.3.0=hf42f96a_2 @ linux-64
aws-c-event-stream=0.5.0=h1ffe551_7 @ linux-64
aws-c-http=0.9.1=hab05fe4_2 @ linux-64
aws-c-io=0.15.2=hdeadb07_2 @ linux-64
aws-c-mqtt=0.11.0=h7bd072d_8 @ linux-64
aws-c-s3=0.7.4=h3a84f74_0 @ linux-64
aws-c-sdkutils=0.2.1=hf42f96a_1 @ linux-64
aws-checksums=0.2.2=hf42f96a_1 @ linux-64
aws-crt-cpp=0.29.6=h159bff8_2 @ linux-64
aws-sdk-cpp=1.11.449=h5558e3c_4 @ linux-64
azure-core-cpp=1.14.0=h5cfcd09_0 @ linux-64
azure-identity-cpp=1.10.0=h113e628_0 @ linux-64
azure-storage-blobs-cpp=12.13.0=h3cf044e_1 @ linux-64
azure-storage-common-cpp=12.8.0=h736e048_1 @ linux-64
azure-storage-files-datalake-cpp=12.12.0=ha633028_1 @ linux-64
binutils_impl_linux-64=2.43=h4bf12b8_4 @ linux-64
blas-devel=3.9.0=31_h1ea3ea9_openblas @ linux-64
blas=2.131=openblas @ linux-64
blinker=1.9.0=pyhff2d567_0 @ noarch
brotli-python=1.1.0=py310hf71b8c6_2 @ linux-64
bwidget=1.10.1=ha770c72_0 @ linux-64
bzip2=1.0.8=h4bc722e_7 @ linux-64
c-ares=1.34.4=hb9d3cd8_0 @ linux-64
ca-certificates=2025.1.31=hbcca054_0 @ linux-64
cairo=1.18.0=hbb29018_2 @ linux-64
certifi=2025.1.31=pyhd8ed1ab_0 @ noarch
cffi=1.17.1=py310h8deb56e_0 @ linux-64
charset-normalizer=3.4.1=pyhd8ed1ab_0 @ noarch
click=8.1.8=pyh707e725_0 @ noarch
colorama=0.4.6=pyhd8ed1ab_1 @ noarch
conjure-python-client=2.12.0=pyhd8ed1ab_1 @ noarch
cpython=3.10.16=py310hd8ed1ab_2 @ noarch
curl=8.13.0=h332b0f4_0 @ linux-64
decorator=5.2.1=pyhd8ed1ab_0 @ noarch
dill=0.3.9=pyhd8ed1ab_1 @ noarch
docutils=0.21.2=pyhd8ed1ab_1 @ noarch
external-systems=0.24.0=py_0 @ noarch
flask=3.1.0=pyhd8ed1ab_1 @ noarch
font-ttf-dejavu-sans-mono=2.37=hab24e00_0 @ noarch
font-ttf-inconsolata=3.000=h77eed37_0 @ noarch
font-ttf-source-code-pro=2.038=h77eed37_0 @ noarch
font-ttf-ubuntu=0.83=h77eed37_3 @ noarch
fontconfig=2.15.0=h7e30c49_1 @ linux-64
fonts-conda-ecosystem=1=0 @ noarch
fonts-conda-forge=1=0 @ noarch
foundry-logging-lib-python=0.137.0=py_0 @ noarch
foundry-ml-api=3.865.0=py_0 @ noarch
foundry-ml-live-internal-api=1.988.0=py_0 @ noarch
foundry-spark-r=5.728.0=r43_0 @ linux-64
foundry-telemetry-service-api=0.1113.0=py_0 @ noarch
foundry_ml_live_inference=1.988.0=py_0 @ noarch
freetype=2.13.3=h48d6fc4_0 @ linux-64
fribidi=1.0.10=h516909a_0 @ linux-64
frozendict=2.4.6=py310ha75aee5_0 @ linux-64
future=1.0.0=pyhd8ed1ab_2 @ noarch
gcc_impl_linux-64=14.2.0=hdb7739f_2 @ linux-64
gflags=2.2.2=h5888daf_1005 @ linux-64
gfortran_impl_linux-64=14.2.0=h0ee6e4a_2 @ linux-64
glog=0.7.1=hbabe93e_0 @ linux-64
graphite2=1.3.14=h295c915_1 @ linux-64
gsl=2.7=he838d99_0 @ linux-64
gxx_impl_linux-64=14.2.0=h2ead766_2 @ linux-64
h2=4.2.0=pyhd8ed1ab_0 @ noarch
harfbuzz=9.0.0=hfac3d4d_0 @ linux-64
hpack=4.1.0=pyhd8ed1ab_0 @ noarch
hyperframe=6.1.0=pyhd8ed1ab_0 @ noarch
icu=73.2=h59595ed_0 @ linux-64
idna=3.10=pyhd8ed1ab_1 @ noarch
importlib-metadata=8.6.1=pyha770c72_0 @ noarch
itsdangerous=2.2.0=pyhd8ed1ab_1 @ noarch
jansson=2.14.1=hb9d3cd8_0 @ linux-64
jinja2=3.1.6=pyhd8ed1ab_0 @ noarch
kernel-headers_linux-64=3.10.0=he073ed8_18 @ noarch
keyutils=1.6.1=h166bdaf_0 @ linux-64
krb5=1.21.3=h659f571_0 @ linux-64
language-model-service-api=0.2163.5=py_0 @ noarch
ld_impl_linux-64=2.43=h712a8e2_4 @ linux-64
lerc=4.0.0=h27087fc_0 @ linux-64
libabseil=20240722.0=cxx17_hbbce691_4 @ linux-64
libarrow-acero=18.1.0=h5888daf_1_cpu @ linux-64
libarrow-dataset=18.1.0=h5888daf_1_cpu @ linux-64
libarrow-substrait=18.1.0=h5c8f2c3_1_cpu @ linux-64
libarrow=18.1.0=he15abb1_1_cpu @ linux-64
libblas=3.9.0=31_h59b9bed_openblas @ linux-64
libbrotlicommon=1.1.0=hb9d3cd8_2 @ linux-64
libbrotlidec=1.1.0=hb9d3cd8_2 @ linux-64
libbrotlienc=1.1.0=hb9d3cd8_2 @ linux-64
libcblas=3.9.0=31_he106b2a_openblas @ linux-64
libcrc32c=1.1.2=h9c3ff4c_0 @ linux-64
libcurl=8.13.0=h332b0f4_0 @ linux-64
libdeflate=1.23=h4ddbbb0_0 @ linux-64
libedit=3.1.20250104=pl5321h7949ede_0 @ linux-64
libev=4.33=hd590300_2 @ linux-64
libevent=2.1.12=hdbd6064_1 @ linux-64
libexpat=2.7.0=h5888daf_0 @ linux-64
libffi=3.4.6=h2dba641_1 @ linux-64
libgcc-devel_linux-64=14.2.0=h9c4974d_102 @ noarch
libgcc-ng=14.2.0=h69a702a_2 @ linux-64
libgcc=14.2.0=h767d61c_2 @ linux-64
libgfortran-ng=14.2.0=h69a702a_2 @ linux-64
libgfortran5=14.2.0=hf1ad2bd_2 @ linux-64
libgfortran=14.2.0=h69a702a_2 @ linux-64
libglib=2.84.1=h2ff4ddf_0 @ linux-64
libgomp=14.2.0=h767d61c_2 @ linux-64
libgoogle-cloud-storage=2.31.0=h0121fbd_0 @ linux-64
libgoogle-cloud=2.31.0=h804f50b_0 @ linux-64
libgrpc=1.67.1=hc2c308b_0 @ linux-64
libiconv=1.18=h4ce23a2_1 @ linux-64
libjpeg-turbo=3.0.0=hd590300_1 @ linux-64
liblapack=3.9.0=31_h7ac8fdf_openblas @ linux-64
liblapacke=3.9.0=31_he2f377e_openblas @ linux-64
liblzma-devel=5.8.1=hb9d3cd8_0 @ linux-64
liblzma=5.8.1=hb9d3cd8_0 @ linux-64
libnghttp2=1.64.0=h161d5f1_0 @ linux-64
libnsl=2.0.1=hd590300_0 @ linux-64
libopenblas=0.3.29=pthreads_h94d23a6_0 @ linux-64
libparquet=18.1.0=h6bd9018_1_cpu @ linux-64
libpng=1.6.47=h943b412_0 @ linux-64
libprotobuf=5.28.2=h5b01275_0 @ linux-64
libre2-11=2024.07.02=hbbce691_2 @ linux-64
libsanitizer=14.2.0=hed042b8_2 @ linux-64
libsqlite=3.49.1=hee588c1_2 @ linux-64
libssh2=1.11.1=hf672d98_0 @ linux-64
libstdcxx-devel_linux-64=14.2.0=h9c4974d_102 @ noarch
libstdcxx-ng=14.2.0=h4852527_2 @ linux-64
libstdcxx=14.2.0=h8f9b012_2 @ linux-64
libthrift=0.21.0=h0e7cc3e_0 @ linux-64
libtiff=4.7.0=hd9ff511_3 @ linux-64
libutf8proc=2.8.0=hf23e847_1 @ linux-64
libuuid=2.38.1=h0b41bf4_0 @ linux-64
libwebp-base=1.5.0=h851e524_0 @ linux-64
libxcb=1.17.0=h8a09558_0 @ linux-64
libxcrypt=4.4.36=hd590300_1 @ linux-64
libxml2=2.12.7=h4c95cb1_3 @ linux-64
libzlib=1.3.1=hb9d3cd8_2 @ linux-64
lz4-c=1.9.4=h6a678d5_1 @ linux-64
make=4.4.1=hb9d3cd8_2 @ linux-64
markupsafe=3.0.2=py310h89163eb_1 @ linux-64
media-reference-api=0.1729.0=py_0 @ noarch
mio-api=0.1729.0=py_0 @ noarch
models-api=0.1550.0=py_0 @ noarch
ncurses=6.5=h2d0b736_3 @ linux-64
numpy-base=1.26.4=py310h8a23956_0 @ linux-64
numpy=1.26.4=py310heeff2f4_0 @ linux-64
openblas=0.3.29=pthreads_h6ec200e_0 @ linux-64
openssl=3.4.1=h7b32b05_0 @ linux-64
orc=2.0.3=he039a57_0 @ linux-64
packaging=24.2=pyhd8ed1ab_2 @ noarch
palantir-layer-pack=0.28.0=py310 @ linux-64
palantir-spark-time=3.24.0=py_0 @ noarch
palantir_models=0.1665.0=py_0 @ noarch
palantir_models_pipelines=0.1665.0=py_0 @ noarch
palantir_models_serializers=0.1665.0=py_0 @ noarch
pandas=2.2.3=py310h5eaa309_1 @ linux-64
pango=1.54.0=h4c5309f_1 @ linux-64
parsimonious=0.8.1=py_0 @ noarch
pcre2=10.44=hba22ea6_2 @ linux-64
pcre=8.45=h9c3ff4c_0 @ linux-64
pip=25.0.1=pyh8b19718_0 @ noarch
pixman=0.44.2=h29eaf8c_0 @ linux-64
polars=1.26.0=py310hc556931_0 @ linux-64
psutil=7.0.0=py310ha75aee5_0 @ linux-64
pthread-stubs=0.4=hb9d3cd8_1002 @ linux-64
py-rattler=0.11.0=py39hdb7aac3_0 @ linux-64
py4j=0.10.9.7=pyhd8ed1ab_0 @ noarch
pyarrow-core=18.1.0=py310hac404ae_0_cpu @ linux-64
pyarrow=18.1.0=py310hff52083_0 @ linux-64
pycparser=2.22=pyh29332c3_1 @ noarch
pysocks=1.7.1=pyha55dd90_7 @ noarch
pyspark-src=3.5.1.37=py_0 @ noarch
pyspark=3.5.1.37=py_0 @ noarch
python-dateutil=2.9.0post0=py310h06a4308_0 @ linux-64
python-decouple=3.8=pyhff2d567_1 @ noarch
python-gil=3.10.16=hd8ed1ab_2 @ noarch
python-tzdata=2025.2=pyhd8ed1ab_0 @ noarch
python=3.10.16=habfa6aa_2_cpython @ linux-64
python_abi=3.10=6_cp310 @ linux-64
pytz=2024.1=pyhd8ed1ab_0 @ noarch
pyyaml=6.0.2=py310h89163eb_2 @ linux-64
r-base=4.3.3=he2d9a6e_10 @ linux-64
r-jsonlite=2.0.0=r43h2b5f3a1_0 @ linux-64
r-uuid=1.2_1=r43hdb488b9_0 @ linux-64
re2=2024.07.02=h9925aae_2 @ linux-64
readline=8.2=h8c095d6_2 @ linux-64
requests=2.32.3=pyhd8ed1ab_1 @ noarch
s2n=1.5.9=h0fd0ee4_0 @ linux-64
sed=4.8=hbfbb72e_0 @ linux-64
setuptools=70.0.0=pyhd8ed1ab_0 @ noarch
six=1.17.0=pyhd8ed1ab_0 @ noarch
sls-logging=0.34.0=py_0 @ noarch
snappy=1.2.1=h8bd8927_1 @ linux-64
sparkr=3.4.1.34=r43_0 @ noarch
sysroot_linux-64=2.17=h4a8ded7_18 @ noarch
tk=8.6.13=noxft_h4845f30_101 @ linux-64
tktable=2.10=h8bc8fbc_6 @ linux-64
tqdm=4.67.1=pyhd8ed1ab_1 @ noarch
transforms-expectations=0.728.0=py_0 @ noarch
transforms-external-systems=0.728.0=py_0 @ noarch
transforms-preview=0.729.0=py_0 @ noarch
transforms-verbs=0.728.0=py_0 @ noarch
transforms=2.239.1=py_0 @ noarch
types-requests=2.32.0.20250306=pyhd8ed1ab_0 @ noarch
typing-extensions=4.13.1=hf5ce1d7_0 @ noarch
typing_extensions=4.13.1=pyh29332c3_0 @ noarch
tzdata=2025b=h78e105d_0 @ noarch
urllib3=2.3.0=pyhd8ed1ab_0 @ noarch
uwsgi=2.0.23=py310h7baf403_0 @ linux-64
werkzeug=3.1.3=pyhd8ed1ab_1 @ noarch
wheel=0.45.1=pyhd8ed1ab_1 @ noarch
xorg-libice=1.1.2=hb9d3cd8_0 @ linux-64
xorg-libsm=1.2.6=he73a12e_0 @ linux-64
xorg-libx11=1.8.12=h4f16b4b_0 @ linux-64
xorg-libxau=1.0.12=hb9d3cd8_0 @ linux-64
xorg-libxdmcp=1.1.5=hb9d3cd8_0 @ linux-64
xorg-libxext=1.3.6=hb9d3cd8_0 @ linux-64
xorg-libxrender=0.9.12=hb9d3cd8_0 @ linux-64
xorg-libxt=1.3.1=hb9d3cd8_0 @ linux-64
xz-gpl-tools=5.8.1=hbcc6ac9_0 @ linux-64
xz-tools=5.8.1=hb9d3cd8_0 @ linux-64
xz=5.8.1=hbcc6ac9_0 @ linux-64
yaml=0.2.5=h7f98852_2 @ linux-64
zipp=3.21.0=pyhd8ed1ab_1 @ noarch
zlib=1.3.1=hb9d3cd8_2 @ linux-64
zstandard=0.23.0=py310ha75aee5_1 @ linux-64
zstd=1.5.7=hb8e6e7a_2 @ linux-64

[Conda lock version]
v2 - 6e225254dfe7a1f186952fd2da11d334d34bad43903af27431c8cd1d6cb4ecbc
