# This file is autogenerated and supposed to be committed to the git repository.
# Changing this file is not recommended and will likely break the build.

[conda]
aws-c-auth=0.8.7=h04a0843_1 @ 8c491a1c
aws-c-cal=0.8.7=h131b658_1 @ 8c491a1c
aws-c-common=0.12.1=h2466b09_0 @ 8c491a1c
aws-c-compression=0.3.1=h131b658_3 @ 8c491a1c
aws-c-event-stream=0.5.4=hddb29df_3 @ 8c491a1c
aws-c-http=0.9.5=hdbca9f4_0 @ 8c491a1c
aws-c-io=0.17.0=h7371350_8 @ 8c491a1c
aws-c-mqtt=0.12.2=hc44c84b_3 @ 8c491a1c
aws-c-s3=0.7.13=hf31aad2_3 @ 8c491a1c
aws-c-sdkutils=0.2.3=h131b658_3 @ 8c491a1c
aws-checksums=0.2.3=h131b658_3 @ 8c491a1c
aws-crt-cpp=0.31.1=h7c9e96e_1 @ 8c491a1c
aws-sdk-cpp=1.11.510=hddf75dc_4 @ 8c491a1c
brotli-python=1.1.0=py311hda3d55a_2 @ 8c491a1c
bzip2=1.0.8=h2466b09_7 @ 8c491a1c
c-ares=1.34.4=h2466b09_0 @ 8c491a1c
ca-certificates=2025.1.31=h56e8100_0 @ 8c491a1c
certifi=2025.1.31=pyhd8ed1ab_0 @ 2cda1526
cffi=1.17.1=py311he736701_0 @ 8c491a1c
charset-normalizer=3.4.1=pyhd8ed1ab_0 @ 2cda1526
conjure-python-client=2.12.0=pyhd8ed1ab_1 @ 2cda1526
decorator=5.2.1=pyhd8ed1ab_0 @ 2cda1526
external-systems=0.24.0=py_0 @ a0b41669
foundry-data-sidecar-api=0.781.0=py_0 @ 586315a4
foundry-transforms-lib-python=0.825.0=py_0 @ 5a011d5e
frozendict=2.4.6=py311he736701_0 @ 8c491a1c
future=1.0.0=pyhd8ed1ab_2 @ 2cda1526
h2=4.2.0=pyhd8ed1ab_0 @ 2cda1526
hpack=4.1.0=pyhd8ed1ab_0 @ 2cda1526
hyperframe=6.1.0=pyhd8ed1ab_0 @ 2cda1526
idna=3.10=pyhd8ed1ab_1 @ 2cda1526
intel-openmp=2024.2.1=h57928b3_1083 @ 8c491a1c
krb5=1.21.3=hdf4eb48_0 @ 8c491a1c
libabseil=20250127.1=cxx17_h4eb7d71_0 @ 8c491a1c
libarrow=19.0.1=hb2d35ca_7_cpu @ 8c491a1c
libarrow-acero=19.0.1=h7d8d6a5_7_cpu @ 8c491a1c
libarrow-dataset=19.0.1=h7d8d6a5_7_cpu @ 8c491a1c
libarrow-substrait=19.0.1=hb76e781_7_cpu @ 8c491a1c
libblas=3.9.0=31_h641d27c_mkl @ 8c491a1c
libbrotlicommon=1.1.0=h2466b09_2 @ 8c491a1c
libbrotlidec=1.1.0=h2466b09_2 @ 8c491a1c
libbrotlienc=1.1.0=h2466b09_2 @ 8c491a1c
libcblas=3.9.0=31_h5e41251_mkl @ 8c491a1c
libcrc32c=1.1.2=h0e60522_0 @ be101a9a
libcurl=8.13.0=h88aaa65_0 @ 8c491a1c
libevent=2.1.12=h3671451_1 @ 8c491a1c
libexpat=2.7.0=he0c23c2_0 @ 8c491a1c
libffi=3.4.6=h537db12_1 @ 8c491a1c
libgoogle-cloud=2.36.0=hf249c01_1 @ 8c491a1c
libgoogle-cloud-storage=2.36.0=he5eb982_1 @ 8c491a1c
libgrpc=1.71.0=h35301be_0 @ 8c491a1c
libhwloc=2.11.2=default_ha69328c_1001 @ 8c491a1c
libiconv=1.18=h135ad9c_1 @ 8c491a1c
liblapack=3.9.0=31_h1aa476e_mkl @ 8c491a1c
liblzma=5.8.1=h2466b09_0 @ 8c491a1c
libparquet=19.0.1=ha850022_7_cpu @ 8c491a1c
libprotobuf=5.29.3=he9d8c4a_0 @ 8c491a1c
libre2-11=2024.07.02=hd248061_3 @ 8c491a1c
libsqlite=3.49.1=h67fdade_2 @ 8c491a1c
libssh2=1.11.1=he619c9f_0 @ 8c491a1c
libthrift=0.21.0=hbe90ef8_0 @ 8c491a1c
libutf8proc=2.10.0=hf9b99b7_0 @ 8c491a1c
libwinpthread=12.0.0.r4.gg4f2fc60ca=h57928b3_9 @ 8c491a1c
libxml2=2.13.7=h442d1da_1 @ 8c491a1c
libzlib=1.3.1=h2466b09_2 @ 8c491a1c
lz4-c=1.10.0=h2466b09_1 @ 8c491a1c
mkl=2024.2.2=h66d3029_15 @ 8c491a1c
numpy=1.26.4=py311h0b4df5a_0 @ 8c491a1c
openssl=3.4.1=ha4e3fda_0 @ 8c491a1c
orc=2.1.1=h35764e3_1 @ 8c491a1c
packaging=24.2=pyhd8ed1ab_2 @ 2cda1526
palantir-spark-time=3.24.0=py_0 @ 586315a4
parsimonious=0.8.1=py_0 @ 586315a4
pip=25.0.1=pyh8b19718_0 @ 2cda1526
polars=1.26.0=py311h4e5780a_0 @ 8c491a1c
py4j=0.10.9.7=pyhd8ed1ab_0 @ 586315a4
pyaml=25.1.0=pyhd8ed1ab_0 @ 2cda1526
pyarrow=19.0.1=py311h1ea47a8_0 @ 8c491a1c
pyarrow-core=19.0.1=py311hdea38fa_0_cpu @ 8c491a1c
pycparser=2.22=pyh29332c3_1 @ 2cda1526
pysocks=1.7.1=pyh09c184e_7 @ 931c1ab2
pyspark=3.5.1.37=py_0 @ 586315a4
pyspark-src=3.5.1.37=py_0 @ 586315a4
python=3.11.11=h3f84c4b_2_cpython @ 8c491a1c
python-dateutil=2.9.0.post0=pyhff2d567_1 @ 2cda1526
python_abi=3.11=6_cp311 @ 8c491a1c
pytz=2025.2=pyhd8ed1ab_0 @ ef0213ca
pyyaml=6.0.2=py311h5082efb_2 @ 8c491a1c
re2=2024.07.02=haf4117d_3 @ 8c491a1c
requests=2.32.3=pyhd8ed1ab_1 @ 2cda1526
setuptools=70.0.0=pyhd8ed1ab_0 @ 2cda1526
six=1.17.0=pyhd8ed1ab_0 @ 2cda1526
snappy=1.2.1=h500f7fa_1 @ 8c491a1c
tbb=2021.13.0=h62715c5_1 @ 8c491a1c
tk=8.6.13=h5226925_1 @ 8c491a1c
transforms=2.239.1=py_0 @ 586315a4
transforms-expectations=0.728.0=py_0 @ a0b41669
transforms-external-systems=0.728.0=py_0 @ a0b41669
transforms-preview=0.728.0=py_0 @ 17251448
transforms-verbs=0.728.0=py_0 @ a0b41669
types-requests=2.32.0.20250306=pyhd8ed1ab_0 @ 77dc15eb
tzdata=2025b=h78e105d_0 @ 2cda1526
ucrt=10.0.22621.0=h57928b3_1 @ 8c491a1c
urllib3=2.3.0=pyhd8ed1ab_0 @ 2cda1526
vc=14.3=hbf610ac_26 @ 8c491a1c
vc14_runtime=14.42.34438=hfd919c2_26 @ 8c491a1c
vs2015_runtime=14.42.34438=h7142326_26 @ 8c491a1c
wheel=0.45.1=pyhd8ed1ab_1 @ 2cda1526
win_inet_pton=1.1.0=pyh7428d3b_8 @ 931c1ab2
yaml=0.2.5=h8ffe710_2 @ be101a9a
zstandard=0.23.0=py311he736701_1 @ 8c491a1c
zstd=1.5.7=hbeecb71_2 @ 8c491a1c

[pip]

[conda-metadata]
17251448 - noarch @ tar.bz2 @ ri.transforms.python.artifacts.runtime
2cda1526 - noarch @ conda @ ri.transforms.python.artifacts.repository
586315a4 - noarch @ tar.bz2 @ ri.transforms.python.artifacts.repository
5a011d5e - noarch @ tar.bz2 @ ri.artifacts.repository.python-library.foundry-transforms-lib
77dc15eb - noarch @ conda @ ri.transforms-addons-bundle..artifacts.bundle
8c491a1c - win-64 @ conda @ ri.artifacts.repository.artifactory.external-conda-forge
931c1ab2 - noarch @ conda @ ri.artifacts.repository.artifactory.external-conda-forge
a0b41669 - noarch @ tar.bz2 @ ri.transforms-addons-bundle..artifacts.bundle
be101a9a - win-64 @ tar.bz2 @ ri.artifacts.repository.artifactory.external-conda-forge
ef0213ca - noarch @ conda @ ri.transforms.python.artifacts.runtime

[pip-indices]
ri.stemma.main.repository.fc6a5ade-fe58-4cfb-b52d-702055721a59

[cran-repos]
ri.stemma.main.repository.fc6a5ade-fe58-4cfb-b52d-702055721a59

[conda lock version]
v3 - 6d269dabe14f1d58f70554f2ceabb96d38869e87e991c72b92568978822a0e7a
