# This file is autogenerated and supposed to be committed to the git repository.
# Changing this file is not recommended and will likely break the build.

[conda]
_libgcc_mutex=0.1=main @ 6c0115f0
_openmp_mutex=5.1=1_gnu @ 6c0115f0
_python_abi3_support=1.0=hd8ed1ab_1 @ 931c1ab2
_r-mutex=1.0.1=anacondar_1 @ c72e1b30
aws-c-auth=0.8.0=hb88c0a9_10 @ 426e1572
aws-c-cal=0.8.0=hecf86a2_2 @ 426e1572
aws-c-common=0.10.3=hb9d3cd8_0 @ 426e1572
aws-c-compression=0.3.0=hf42f96a_2 @ 426e1572
aws-c-event-stream=0.5.0=h1ffe551_7 @ 426e1572
aws-c-http=0.9.1=hab05fe4_2 @ 426e1572
aws-c-io=0.15.2=hdeadb07_2 @ 426e1572
aws-c-mqtt=0.11.0=h7bd072d_8 @ 426e1572
aws-c-s3=0.7.4=h3a84f74_0 @ 426e1572
aws-c-sdkutils=0.2.1=hf42f96a_1 @ 426e1572
aws-checksums=0.2.2=hf42f96a_1 @ 426e1572
aws-crt-cpp=0.29.6=h159bff8_2 @ 426e1572
aws-sdk-cpp=1.11.449=h5558e3c_4 @ 426e1572
azure-core-cpp=1.14.0=h5cfcd09_0 @ 426e1572
azure-identity-cpp=1.10.0=h113e628_0 @ 426e1572
azure-storage-blobs-cpp=12.13.0=h3cf044e_1 @ 426e1572
azure-storage-common-cpp=12.8.0=h736e048_1 @ 426e1572
azure-storage-files-datalake-cpp=12.12.0=ha633028_1 @ 426e1572
binutils_impl_linux-64=2.43=h4bf12b8_4 @ ad241afe
blas=2.131=openblas @ ad241afe
blas-devel=3.9.0=31_h1ea3ea9_openblas @ ad241afe
blinker=1.9.0=pyhff2d567_0 @ 77dc15eb
brotli-python=1.1.0=py310hf71b8c6_2 @ 426e1572
bwidget=1.10.1=ha770c72_0 @ ad241afe
bzip2=1.0.8=h4bc722e_7 @ 426e1572
c-ares=1.34.4=hb9d3cd8_0 @ 426e1572
ca-certificates=2025.1.31=hbcca054_0 @ 426e1572
cairo=1.18.0=hbb29018_2 @ ad241afe
certifi=2025.1.31=pyhd8ed1ab_0 @ 2cda1526
cffi=1.17.1=py310h8deb56e_0 @ 426e1572
charset-normalizer=3.4.1=pyhd8ed1ab_0 @ 2cda1526
click=8.1.8=pyh707e725_0 @ 2cda1526
colorama=0.4.6=pyhd8ed1ab_1 @ 2cda1526
conjure-python-client=2.12.0=pyhd8ed1ab_1 @ 2cda1526
cpython=3.10.16=py310hd8ed1ab_2 @ 931c1ab2
curl=8.13.0=h332b0f4_0 @ ad241afe
decorator=5.2.1=pyhd8ed1ab_0 @ 2cda1526
dill=0.3.9=pyhd8ed1ab_1 @ 2cda1526
docutils=0.21.2=pyhd8ed1ab_1 @ 931c1ab2
external-systems=0.25.0=py_0 @ a0b41669
flask=3.1.0=pyhd8ed1ab_1 @ 931c1ab2
font-ttf-dejavu-sans-mono=2.37=hab24e00_0 @ a0b41669
font-ttf-inconsolata=3.000=h77eed37_0 @ a0b41669
font-ttf-source-code-pro=2.038=h77eed37_0 @ a0b41669
font-ttf-ubuntu=0.83=h77eed37_3 @ 77dc15eb
fontconfig=2.15.0=h7e30c49_1 @ 8ea01637
fonts-conda-ecosystem=1=0 @ a0b41669
fonts-conda-forge=1=0 @ a0b41669
foundry-logging-lib-python=0.137.0=py_0 @ aeac16fb
foundry-ml-api=3.865.0=py_0 @ aeac16fb
foundry-ml-live-internal-api=1.988.0=py_0 @ aeac16fb
foundry-spark-r=5.728.0=r43_0 @ 25a01496
foundry-telemetry-service-api=0.1114.0=py_0 @ aeac16fb
foundry_ml_live_inference=1.988.0=py_0 @ aeac16fb
freetype=2.13.3=h48d6fc4_0 @ 8ea01637
fribidi=1.0.10=h36c2ea0_0 @ b58216b5
frozendict=2.4.6=py310ha75aee5_0 @ 8ea01637
future=1.0.0=pyhd8ed1ab_2 @ 2cda1526
gcc_impl_linux-64=14.2.0=hdb7739f_2 @ ad241afe
gflags=2.2.2=h5888daf_1005 @ 426e1572
gfortran_impl_linux-64=14.2.0=h0ee6e4a_2 @ ad241afe
glog=0.7.1=hbabe93e_0 @ 426e1572
graphite2=1.3.14=h295c915_1 @ 25a01496
gsl=2.7=he838d99_0 @ df401b7c
gxx_impl_linux-64=14.2.0=h2ead766_2 @ ad241afe
h2=4.2.0=pyhd8ed1ab_0 @ 2cda1526
harfbuzz=9.0.0=hfac3d4d_0 @ ad241afe
hpack=4.1.0=pyhd8ed1ab_0 @ 2cda1526
hyperframe=6.1.0=pyhd8ed1ab_0 @ 2cda1526
icu=73.2=h59595ed_0 @ 426e1572
idna=3.10=pyhd8ed1ab_1 @ 2cda1526
importlib-metadata=8.6.1=pyha770c72_0 @ ef0213ca
itsdangerous=2.2.0=pyhd8ed1ab_1 @ 931c1ab2
jansson=2.14.1=hb9d3cd8_0 @ ad241afe
jinja2=3.1.6=pyhd8ed1ab_0 @ 77dc15eb
kernel-headers_linux-64=3.10.0=he073ed8_18 @ 931c1ab2
keyutils=1.6.1=h166bdaf_0 @ 6c0115f0
krb5=1.21.3=h659f571_0 @ 426e1572
language-model-service-api=0.2163.5=py_0 @ aeac16fb
ld_impl_linux-64=2.43=h712a8e2_4 @ 426e1572
lerc=4.0.0=h27087fc_0 @ b58216b5
libabseil=20240722.0=cxx17_hbbce691_4 @ 426e1572
libarrow=18.1.0=he15abb1_1_cpu @ 426e1572
libarrow-acero=18.1.0=h5888daf_1_cpu @ 426e1572
libarrow-dataset=18.1.0=h5888daf_1_cpu @ 426e1572
libarrow-substrait=18.1.0=h5c8f2c3_1_cpu @ 426e1572
libblas=3.9.0=31_h59b9bed_openblas @ 426e1572
libbrotlicommon=1.1.0=hb9d3cd8_2 @ 426e1572
libbrotlidec=1.1.0=hb9d3cd8_2 @ 426e1572
libbrotlienc=1.1.0=hb9d3cd8_2 @ 426e1572
libcblas=3.9.0=31_he106b2a_openblas @ 426e1572
libcrc32c=1.1.2=h9c3ff4c_0 @ 6c0115f0
libcurl=8.13.0=h332b0f4_0 @ 8ea01637
libdeflate=1.23=h4ddbbb0_0 @ ad241afe
libedit=3.1.20250104=pl5321h7949ede_0 @ 426e1572
libev=4.33=hd590300_2 @ 426e1572
libevent=2.1.12=hdbd6064_1 @ 426e1572
libexpat=2.7.0=h5888daf_0 @ 03c11416
libffi=3.4.6=h2dba641_1 @ 03c11416
libgcc=14.2.0=h767d61c_2 @ 426e1572
libgcc-devel_linux-64=14.2.0=h9c4974d_102 @ 931c1ab2
libgcc-ng=14.2.0=h69a702a_2 @ 426e1572
libgfortran=14.2.0=h69a702a_2 @ 426e1572
libgfortran-ng=14.2.0=h69a702a_2 @ 8ea01637
libgfortran5=14.2.0=hf1ad2bd_2 @ 426e1572
libglib=2.84.1=h2ff4ddf_0 @ ad241afe
libgomp=14.2.0=h767d61c_2 @ 426e1572
libgoogle-cloud=2.31.0=h804f50b_0 @ 426e1572
libgoogle-cloud-storage=2.31.0=h0121fbd_0 @ 426e1572
libgrpc=1.67.1=hc2c308b_0 @ 426e1572
libiconv=1.18=h4ce23a2_1 @ 426e1572
libjpeg-turbo=3.0.0=hd590300_1 @ 8ea01637
liblapack=3.9.0=31_h7ac8fdf_openblas @ 426e1572
liblapacke=3.9.0=31_he2f377e_openblas @ ad241afe
liblzma=5.8.1=hb9d3cd8_0 @ ad241afe
liblzma-devel=5.8.1=hb9d3cd8_0 @ ad241afe
libnghttp2=1.64.0=h161d5f1_0 @ 426e1572
libnsl=2.0.1=hd590300_0 @ 426e1572
libopenblas=0.3.29=pthreads_h94d23a6_0 @ 426e1572
libparquet=18.1.0=h6bd9018_1_cpu @ 426e1572
libpng=1.6.47=h943b412_0 @ 8ea01637
libprotobuf=5.28.2=h5b01275_0 @ 426e1572
libre2-11=2024.07.02=hbbce691_2 @ 426e1572
libsanitizer=14.2.0=hed042b8_2 @ ad241afe
libsqlite=3.49.1=hee588c1_2 @ 426e1572
libssh2=1.11.1=hf672d98_0 @ 426e1572
libstdcxx=14.2.0=h8f9b012_2 @ 426e1572
libstdcxx-devel_linux-64=14.2.0=h9c4974d_102 @ 931c1ab2
libstdcxx-ng=14.2.0=h4852527_2 @ 426e1572
libthrift=0.21.0=h0e7cc3e_0 @ 426e1572
libtiff=4.7.0=hd9ff511_3 @ ad241afe
libutf8proc=2.8.0=hf23e847_1 @ 426e1572
libuuid=2.38.1=h0b41bf4_0 @ 426e1572
libwebp-base=1.5.0=h851e524_0 @ 8ea01637
libxcb=1.17.0=h8a09558_0 @ 8ea01637
libxcrypt=4.4.36=hd590300_1 @ 426e1572
libxml2=2.12.7=h4c95cb1_3 @ ad241afe
libzlib=1.3.1=hb9d3cd8_2 @ 426e1572
lz4-c=1.9.4=h6a678d5_1 @ 426e1572
make=4.4.1=hb9d3cd8_2 @ ad241afe
markupsafe=3.0.2=py310h89163eb_1 @ 8ea01637
media-reference-api=0.1731.0=py_0 @ aeac16fb
mio-api=0.1731.0=py_0 @ aeac16fb
models-api=0.1550.0=py_0 @ aeac16fb
ncurses=6.5=h2d0b736_3 @ 426e1572
numpy=1.26.4=py310heeff2f4_0 @ 426e1572
numpy-base=1.26.4=py310h8a23956_0 @ 426e1572
openblas=0.3.29=pthreads_h6ec200e_0 @ ad241afe
openssl=3.4.1=h7b32b05_0 @ 426e1572
orc=2.0.3=he039a57_0 @ 426e1572
packaging=24.2=pyhd8ed1ab_2 @ 2cda1526
palantir-layer-pack=0.28.0=py310 @ c37a1747
palantir-spark-time=3.24.0=py_0 @ 586315a4
palantir_models=0.1666.0=py_0 @ aeac16fb
palantir_models_pipelines=0.1666.0=py_0 @ aeac16fb
palantir_models_serializers=0.1666.0=py_0 @ aeac16fb
pandas=2.2.3=py310h5eaa309_1 @ 426e1572
pango=1.54.0=h4c5309f_1 @ ad241afe
parsimonious=0.8.1=py_0 @ 586315a4
pcre=8.45=h9c3ff4c_0 @ df401b7c
pcre2=10.44=hba22ea6_2 @ 8ea01637
pip=25.0.1=pyh8b19718_0 @ 2cda1526
pixman=0.44.2=h29eaf8c_0 @ 8ea01637
polars=1.26.0=py310hc556931_0 @ 426e1572
psutil=7.0.0=py310ha75aee5_0 @ 8ea01637
pthread-stubs=0.4=hb9d3cd8_1002 @ 426e1572
py-rattler=0.11.0=py39hdb7aac3_0 @ ad241afe
py4j=0.10.9.7=pyhd8ed1ab_0 @ 586315a4
pyarrow=18.1.0=py310hff52083_0 @ 426e1572
pyarrow-core=18.1.0=py310hac404ae_0_cpu @ 426e1572
pycparser=2.22=pyh29332c3_1 @ 2cda1526
pysocks=1.7.1=pyha55dd90_7 @ 2cda1526
pyspark=3.5.1.37=py_0 @ 586315a4
pyspark-src=3.5.1.37=py_0 @ 586315a4
python=3.10.16=habfa6aa_2_cpython @ 8ea01637
python-dateutil=2.9.0post0=py310h06a4308_0 @ 426e1572
python-decouple=3.8=pyhff2d567_1 @ 931c1ab2
python-gil=3.10.16=hd8ed1ab_2 @ 931c1ab2
python-tzdata=2025.2=pyhd8ed1ab_0 @ 2cda1526
python_abi=3.10=6_cp310 @ 03c11416
pytz=2024.1=pyhd8ed1ab_0 @ 2cda1526
pyyaml=6.0.2=py310h89163eb_2 @ 426e1572
r-base=4.3.3=he2d9a6e_10 @ ad241afe
r-jsonlite=2.0.0=r43h2b5f3a1_0 @ ad241afe
r-uuid=1.2_1=r43hdb488b9_0 @ ad241afe
re2=2024.07.02=h9925aae_2 @ 426e1572
readline=8.2=h8c095d6_2 @ 426e1572
requests=2.32.3=pyhd8ed1ab_1 @ 2cda1526
s2n=1.5.9=h0fd0ee4_0 @ 426e1572
sed=4.8=hbfbb72e_0 @ df401b7c
setuptools=70.0.0=pyhd8ed1ab_0 @ 2cda1526
six=1.17.0=pyhd8ed1ab_0 @ 2cda1526
sls-logging=0.34.0=py_0 @ 17251448
snappy=1.2.1=h8bd8927_1 @ 426e1572
sparkr=3.4.1.34=r43_0 @ 12e6144a
sysroot_linux-64=2.17=h4a8ded7_18 @ 931c1ab2
tk=8.6.13=noxft_h4845f30_101 @ 426e1572
tktable=2.10=h8bc8fbc_6 @ ad241afe
tqdm=4.67.1=pyhd8ed1ab_1 @ 77dc15eb
transforms=2.239.1=py_0 @ 586315a4
transforms-expectations=0.729.0=py_0 @ a0b41669
transforms-external-systems=0.729.0=py_0 @ a0b41669
transforms-preview=0.730.0=py_0 @ aeac16fb
transforms-verbs=0.729.0=py_0 @ a0b41669
types-requests=2.32.0.20250306=pyhd8ed1ab_0 @ 77dc15eb
typing-extensions=4.13.1=hf5ce1d7_0 @ 931c1ab2
typing_extensions=4.13.1=pyh29332c3_0 @ 931c1ab2
tzdata=2025b=h78e105d_0 @ 2cda1526
urllib3=2.3.0=pyhd8ed1ab_0 @ 2cda1526
uwsgi=2.0.23=py310h7baf403_0 @ ad241afe
werkzeug=3.1.3=pyhd8ed1ab_1 @ 931c1ab2
wheel=0.45.1=pyhd8ed1ab_1 @ 2cda1526
xorg-libice=1.1.2=hb9d3cd8_0 @ 8ea01637
xorg-libsm=1.2.6=he73a12e_0 @ 8ea01637
xorg-libx11=1.8.12=h4f16b4b_0 @ 8ea01637
xorg-libxau=1.0.12=hb9d3cd8_0 @ 8ea01637
xorg-libxdmcp=1.1.5=hb9d3cd8_0 @ 8ea01637
xorg-libxext=1.3.6=hb9d3cd8_0 @ 8ea01637
xorg-libxrender=0.9.12=hb9d3cd8_0 @ 8ea01637
xorg-libxt=1.3.1=hb9d3cd8_0 @ ad241afe
xz=5.8.1=hbcc6ac9_0 @ ad241afe
xz-gpl-tools=5.8.1=hbcc6ac9_0 @ ad241afe
xz-tools=5.8.1=hb9d3cd8_0 @ ad241afe
yaml=0.2.5=h7f98852_2 @ 6c0115f0
zipp=3.21.0=pyhd8ed1ab_1 @ ef0213ca
zlib=1.3.1=hb9d3cd8_2 @ 426e1572
zstandard=0.23.0=py310ha75aee5_1 @ 426e1572
zstd=1.5.7=hb8e6e7a_2 @ 426e1572

[pip]
parsimonious==0.8.1

[conda-metadata]
03c11416 - linux-64 @ conda @ ri.transforms.python.artifacts.runtime
12e6144a - noarch @ tar.bz2 @ ri.vector.runtime.artifacts.repository
17251448 - noarch @ tar.bz2 @ ri.transforms.python.artifacts.runtime
25a01496 - linux-64 @ tar.bz2 @ ri.vector.runtime.artifacts.repository
2cda1526 - noarch @ conda @ ri.transforms.python.artifacts.repository
426e1572 - linux-64 @ conda @ ri.transforms.python.artifacts.repository
586315a4 - noarch @ tar.bz2 @ ri.transforms.python.artifacts.repository
6c0115f0 - linux-64 @ tar.bz2 @ ri.transforms.python.artifacts.repository
77dc15eb - noarch @ conda @ ri.transforms-addons-bundle..artifacts.bundle
8ea01637 - linux-64 @ conda @ ri.transforms-addons-bundle..artifacts.bundle
931c1ab2 - noarch @ conda @ ri.artifacts.repository.artifactory.external-conda-forge
a0b41669 - noarch @ tar.bz2 @ ri.transforms-addons-bundle..artifacts.bundle
ad241afe - linux-64 @ conda @ ri.artifacts.repository.artifactory.external-conda-forge
aeac16fb - noarch @ tar.bz2 @ ri.artifacts.repository.python-library.models
b58216b5 - linux-64 @ tar.bz2 @ ri.transforms-addons-bundle..artifacts.bundle
c37a1747 - linux-64 @ tar.bz2 @ ri.artifacts.repository.python-library.models
c72e1b30 - noarch @ tar.bz2 @ ri.artifacts.repository.artifactory.external-conda-forge
df401b7c - linux-64 @ tar.bz2 @ ri.artifacts.repository.artifactory.external-conda-forge
ef0213ca - noarch @ conda @ ri.transforms.python.artifacts.runtime

[pip-indices]
ri.artifacts.repository-proxy.artifactory.transforms-docker-images
ri.artifacts.repository.artifactory.external-python-pypi
ri.artifacts.repository.crp.discovered-foundry-ml-sklearn-bundle-mega
ri.artifacts.repository.crp.discovered-foundry-ml-sklearn-bundle-mega1-13-1
ri.artifacts.repository.crp.discovered-foundry-ml-toolkit-mega-bundle0-3-3
ri.stemma.main.repository.f9708f1c-5b69-49f3-9e68-1515b4e06069
ri.stemma.main.repository.fc6a5ade-fe58-4cfb-b52d-702055721a59

[cran-repos]
ri.artifacts.repository-proxy.artifactory.transforms-docker-images
ri.artifacts.repository.crp.discovered-foundry-ml-sklearn-bundle-mega
ri.artifacts.repository.crp.discovered-foundry-ml-sklearn-bundle-mega1-13-1
ri.artifacts.repository.crp.discovered-foundry-ml-toolkit-mega-bundle0-3-3
ri.stemma.main.repository.f9708f1c-5b69-49f3-9e68-1515b4e06069
ri.stemma.main.repository.fc6a5ade-fe58-4cfb-b52d-702055721a59

[conda lock version]
v3 - dd8c517221d79ab70eddabf0b09cb7972715286594037b93998c68fec964b124
