# This file is autogenerated and supposed to be committed to the git repository.
# Changing this file is not recommended and will likely break the build.
# Run `./gradlew --write-locks` to regenerate.
_libgcc_mutex=0.1=conda_forge @ linux-64
_openmp_mutex=4.5=2_kmp_llvm @ linux-64
aiohttp=3.9.1=py38h01eb140_0 @ linux-64
aiosignal=1.3.1=pyhd8ed1ab_0 @ noarch
annotated-types=0.6.0=pyhd8ed1ab_0 @ noarch
async-timeout=4.0.3=pyhd8ed1ab_0 @ noarch
attrs=22.2.0=pyh71513ae_0 @ noarch
aws-c-auth=0.7.11=h0b4cabd_1 @ linux-64
aws-c-cal=0.6.9=h14ec70c_3 @ linux-64
aws-c-common=0.9.12=hd590300_0 @ linux-64
aws-c-compression=0.2.17=h572eabf_8 @ linux-64
aws-c-event-stream=0.4.1=h97bb272_2 @ linux-64
aws-c-http=0.8.0=h9129f04_2 @ linux-64
aws-c-io=0.14.0=hf8f278a_1 @ linux-64
aws-c-mqtt=0.10.1=h2b97f5f_0 @ linux-64
aws-c-s3=0.4.9=hca09fc5_0 @ linux-64
aws-c-sdkutils=0.1.13=h572eabf_1 @ linux-64
aws-checksums=0.1.17=h572eabf_7 @ linux-64
aws-crt-cpp=0.26.0=h04327c0_8 @ linux-64
aws-sdk-cpp=1.11.210=hba3e011_10 @ linux-64
bertopic=0.15.0=pyhd8ed1ab_0 @ noarch
blinker=1.7.0=pyhd8ed1ab_0 @ noarch
brotli-python=1.1.0=py38h17151c0_1 @ linux-64
bzip2=1.0.8=hd590300_5 @ linux-64
c-ares=1.26.0=hd590300_0 @ linux-64
ca-certificates=2024.2.2=hbcca054_0 @ linux-64
catalogue=2.0.10=py38h578d9bd_0 @ linux-64
certifi=2023.11.17=pyhd8ed1ab_0 @ noarch
charset-normalizer=3.3.2=pyhd8ed1ab_0 @ noarch
click=8.1.7=unix_pyh707e725_0 @ noarch
cloudpathlib=0.16.0=pyhd8ed1ab_0 @ noarch
colorama=0.4.6=pyhd8ed1ab_0 @ noarch
confection=0.1.4=py38hb563948_0 @ linux-64
conjure-python-client=2.8.0=pyhd8ed1ab_0 @ noarch
cymem=2.0.8=py38h17151c0_1 @ linux-64
cython-blis=0.7.10=py38h7f0c24c_2 @ linux-64
cython=3.0.8=py38h17151c0_0 @ linux-64
dataclasses=0.8=pyhc8e2a94_3 @ noarch
datasets=2.14.4=pyhd8ed1ab_0 @ noarch
decorator=5.1.1=pyhd8ed1ab_0 @ noarch
dill=0.3.7=pyhd8ed1ab_0 @ noarch
docutils=0.20.1=py38h578d9bd_3 @ linux-64
filelock=3.13.1=pyhd8ed1ab_0 @ noarch
flask=3.0.1=pyhd8ed1ab_0 @ noarch
foundry-logging-lib-python=0.65.0=py_0 @ noarch
foundry-ml-api=3.598.0=py_0 @ noarch
foundry-ml-live-internal-api=1.615.0=py_0 @ noarch
foundry-telemetry-service-api=0.731.0=py_0 @ noarch
foundry_ml_live_inference=1.615.0=py_0 @ noarch
freetype=2.12.1=h267a509_2 @ linux-64
freezegun=1.4.0=pyhd8ed1ab_0 @ noarch
frozenlist=1.4.1=py38h01eb140_0 @ linux-64
fsspec=2023.12.2=pyhca7485f_0 @ noarch
future=0.18.3=pyhd8ed1ab_0 @ noarch
gflags=2.2.2=he1b5a44_1004 @ linux-64
glog=0.6.0=h6f12383_0 @ linux-64
gmp=6.3.0=h59595ed_0 @ linux-64
gmpy2=2.1.2=py38h793c122_1 @ linux-64
hdbscan=0.8.33=py38h7f0c24c_4 @ linux-64
huggingface_hub=0.20.2=pyhd8ed1ab_0 @ noarch
icu=73.2=h59595ed_0 @ linux-64
idna=3.6=pyhd8ed1ab_0 @ noarch
importlib-metadata=7.0.1=pyha770c72_0 @ noarch
itsdangerous=2.1.2=pyhd8ed1ab_0 @ noarch
jansson=2.14=h0b41bf4_1 @ linux-64
jinja2=3.1.3=pyhd8ed1ab_0 @ noarch
joblib=1.3.2=pyhd8ed1ab_0 @ noarch
keyutils=1.6.1=h166bdaf_0 @ linux-64
krb5=1.21.2=h659d440_0 @ linux-64
langcodes=3.3.0=pyhd8ed1ab_0 @ noarch
language-model-service-api=0.1038.0=py_0 @ noarch
lcms2=2.16=hb7c19ff_0 @ linux-64
ld_impl_linux-64=2.40=h41732ed_0 @ linux-64
lerc=4.0.0=h27087fc_0 @ linux-64
libabseil=20230802.1=cxx17_h59595ed_0 @ linux-64
libarrow-acero=14.0.2=h59595ed_2_cpu @ linux-64
libarrow-dataset=14.0.2=h59595ed_2_cpu @ linux-64
libarrow-flight-sql=14.0.2=h61ff412_2_cpu @ linux-64
libarrow-flight=14.0.2=h120cb0d_2_cpu @ linux-64
libarrow-gandiva=14.0.2=hacb8726_2_cpu @ linux-64
libarrow-substrait=14.0.2=h61ff412_2_cpu @ linux-64
libarrow=14.0.2=h84dd17c_2_cpu @ linux-64
libblas=3.9.0=20_linux64_openblas @ linux-64
libbrotlicommon=1.1.0=hd590300_1 @ linux-64
libbrotlidec=1.1.0=hd590300_1 @ linux-64
libbrotlienc=1.1.0=hd590300_1 @ linux-64
libcblas=3.9.0=20_linux64_openblas @ linux-64
libcrc32c=1.1.2=h9c3ff4c_0 @ linux-64
libcurl=8.5.0=hca28451_0 @ linux-64
libdeflate=1.19=hd590300_0 @ linux-64
libedit=3.1.20230828=h5eee18b_0 @ linux-64
libev=4.33=hd590300_2 @ linux-64
libevent=2.1.12=hdbd6064_1 @ linux-64
libffi=3.4.4=h6a678d5_0 @ linux-64
libgcc-ng=13.2.0=h807b86a_4 @ linux-64
libgfortran-ng=13.2.0=h69a702a_4 @ linux-64
libgfortran5=13.2.0=ha4646dd_4 @ linux-64
libgoogle-cloud=2.12.0=h5206363_4 @ linux-64
libgrpc=1.59.3=hd6c4280_0 @ linux-64
libhwloc=2.9.3=default_h554bfaf_1009 @ linux-64
libiconv=1.17=hd590300_2 @ linux-64
libjpeg-turbo=3.0.0=hd590300_1 @ linux-64
liblapack=3.9.0=20_linux64_openblas @ linux-64
libllvm14=14.0.6=hcd5def8_4 @ linux-64
libllvm15=15.0.7=hb3ce162_4 @ linux-64
libnghttp2=1.58.0=h47da74e_1 @ linux-64
libnl=3.9.0=hd590300_0 @ linux-64
libnsl=2.0.1=hd590300_0 @ linux-64
libnuma=2.0.16=h0b41bf4_1 @ linux-64
libopenblas=0.3.25=pthreads_h413a1c8_0 @ linux-64
libparquet=14.0.2=h352af49_2_cpu @ linux-64
libpng=1.6.39=h753d276_0 @ linux-64
libprotobuf=4.24.4=hf27288f_0 @ linux-64
libre2-11=2023.06.02=h7a70373_0 @ linux-64
libsentencepiece=0.1.99=h866249d_5 @ linux-64
libsqlite=3.44.2=h2797004_0 @ linux-64
libssh2=1.11.0=h0841786_0 @ linux-64
libstdcxx-ng=13.2.0=h7e041cc_4 @ linux-64
libthrift=0.19.0=hb90f79a_1 @ linux-64
libtiff=4.6.0=ha9c0a0a_2 @ linux-64
libtorch=2.1.0=cpu_mkl_hadc400e_103 @ linux-64
libutf8proc=2.8.0=h166bdaf_0 @ linux-64
libuuid=2.38.1=h0b41bf4_0 @ linux-64
libuv=1.46.0=hd590300_0 @ linux-64
libwebp-base=1.3.2=hd590300_0 @ linux-64
libxcb=1.15=h7f8727e_0 @ linux-64
libxcrypt=4.4.36=hd590300_1 @ linux-64
libxml2=2.12.4=h232c23b_1 @ linux-64
libzlib=1.2.13=hd590300_5 @ linux-64
llvm-openmp=17.0.6=h4dfa4b3_0 @ linux-64
llvmlite=0.41.1=py38h94a1851_0 @ linux-64
lz4-c=1.9.4=hcb278e6_0 @ linux-64
markdown-it-py=3.0.0=pyhd8ed1ab_0 @ noarch
markupsafe=2.1.4=py38h01eb140_0 @ linux-64
mdurl=0.1.2=pyhd8ed1ab_0 @ noarch
media-reference-api=0.806.0=py_0 @ noarch
mio-api=0.806.0=py_0 @ noarch
mkl=2023.2.0=h84fe81f_50496 @ linux-64
models-api=0.1000.0=py_0 @ noarch
mpc=1.3.1=hfe3b2da_0 @ linux-64
mpfr=4.2.1=h9458935_0 @ linux-64
mpmath=1.3.0=pyhd8ed1ab_0 @ noarch
multidict=6.0.4=py38h01eb140_1 @ linux-64
multiprocess=0.70.15=py38h01eb140_1 @ linux-64
murmurhash=1.0.10=py38h17151c0_1 @ linux-64
ncurses=6.4=h59595ed_2 @ linux-64
networkx=3.1=pyhd8ed1ab_0 @ noarch
nltk=3.8.1=pyhd8ed1ab_0 @ noarch
numba=0.58.1=py38h4144172_0 @ linux-64
numpy=1.24.4=py38h59b608b_0 @ linux-64
openjpeg=2.5.0=h488ebb8_3 @ linux-64
openssl=3.2.1=hd590300_0 @ linux-64
orc=1.9.2=h4b38347_0 @ linux-64
packaging=23.2=pyhd8ed1ab_0 @ noarch
palantir-spark-time=3.23.0=py_0 @ noarch
palantir_models=0.1000.0=py_0 @ noarch
pandas=1.5.3=py38hdc8b05c_1 @ linux-64
parsimonious=0.8.1=py_0 @ noarch
pathy=0.10.2=pyhd8ed1ab_0 @ noarch
pcre=8.45=h9c3ff4c_0 @ linux-64
pillow=10.2.0=py38ha43c96d_0 @ linux-64
pip=23.3.2=pyhd8ed1ab_0 @ noarch
platformdirs=4.1.0=pyhd8ed1ab_0 @ noarch
plotly=5.18.0=pyhd8ed1ab_0 @ noarch
pooch=1.8.0=pyhd8ed1ab_0 @ noarch
preshed=3.0.9=py38h17151c0_1 @ linux-64
psutil=5.9.8=py38h01eb140_0 @ linux-64
py4j=0.10.9.7=pyhd8ed1ab_0 @ noarch
pyarrow=14.0.2=py38h96a5bb7_2_cpu @ linux-64
pydantic-core=2.16.1=py38h0cc4f7c_0 @ linux-64
pydantic=1.10.13=py38h01eb140_1 @ linux-64
pygments=2.17.2=pyhd8ed1ab_0 @ noarch
pynndescent=0.5.11=pyhca7485f_0 @ noarch
pysocks=1.7.1=pyha2e5f31_6 @ noarch
pyspark-src=3.2.1.66=py_0 @ noarch
pyspark=3.2.1.66=py_0 @ noarch
python-dateutil=2.8.2=pyhd8ed1ab_0 @ noarch
python-decouple=3.8=pyhd8ed1ab_0 @ noarch
python-xxhash=3.4.1=py38h01eb140_0 @ linux-64
python=3.8.18=hd12c33a_1_cpython @ linux-64
python_abi=3.8=4_cp38 @ linux-64
pytorch=2.1.0=cpu_mkl_py38h8efc972_103 @ linux-64
pytz=2023.4=pyhd8ed1ab_0 @ noarch
pyyaml=5.4.1=py38h0a891b7_4 @ linux-64
rdma-core=50.0=hd3aeb46_0 @ linux-64
re2=2023.06.02=h2873b5e_0 @ linux-64
readline=8.2=h8228510_1 @ linux-64
regex=2023.12.25=py38h01eb140_0 @ linux-64
requests=2.31.0=pyhd8ed1ab_0 @ noarch
rich=13.7.0=pyhd8ed1ab_0 @ noarch
s2n=1.4.1=h06160fa_0 @ linux-64
safetensors=0.3.3=py38h0cc4f7c_1 @ linux-64
scikit-learn=1.3.2=py38ha25d942_2 @ linux-64
scipy=1.10.1=py38h59b608b_3 @ linux-64
sentence-transformers=2.3.0=pyhd8ed1ab_0 @ noarch
sentencepiece-python=0.1.99=py38h11c4299_5 @ linux-64
sentencepiece-spm=0.1.99=h866249d_5 @ linux-64
sentencepiece=0.1.99=h578d9bd_5 @ linux-64
setuptools=65.6.3=pyhd8ed1ab_0 @ noarch
shellingham=1.5.4=pyhd8ed1ab_0 @ noarch
six=1.16.0=pyhd3eb1b0_1 @ noarch
sleef=3.5.1=h9b69904_2 @ linux-64
sls-logging=0.7.3=py_0 @ noarch
smart_open=5.2.1=pyhd8ed1ab_0 @ noarch
snappy=1.1.10=h6a678d5_1 @ linux-64
spacy-legacy=3.0.12=pyhd8ed1ab_0 @ noarch
spacy-loggers=1.0.5=pyhd8ed1ab_0 @ noarch
spacy-model-en_core_web_sm=3.5.0=pyhd8ed1ab_0 @ noarch
spacy=3.5.4=py38h905acbe_0 @ linux-64
srsly=2.4.8=py38h17151c0_1 @ linux-64
sympy=1.12=pypyh9d50eac_103 @ noarch
tbb=2021.11.0=h00ab1b0_1 @ linux-64
tenacity=8.2.3=pyhd8ed1ab_0 @ noarch
thinc=8.1.12=py38h905acbe_0 @ linux-64
threadpoolctl=3.2.0=pyha21a80b_0 @ noarch
tk=8.6.13=noxft_h4845f30_101 @ linux-64
tokenizers=0.15.1=py38hf65db12_0 @ linux-64
torchvision=0.16.1=cpu_py38h901811f_2 @ linux-64
tqdm=4.66.1=pyhd8ed1ab_0 @ noarch
transformers=4.37.1=pyhd8ed1ab_0 @ noarch
transforms-expectations=0.338.0=py_0 @ noarch
transforms-verbs=0.338.0=py_0 @ noarch
transforms=1.999.0=py_0 @ noarch
typer=0.9.0=pyhd8ed1ab_0 @ noarch
typing-extensions=4.9.0=hd8ed1ab_0 @ noarch
typing_extensions=4.9.0=pyha770c72_0 @ noarch
ucx=1.15.0=h75e419f_3 @ linux-64
umap-learn=0.5.5=py38h578d9bd_0 @ linux-64
unidecode=1.3.8=pyhd8ed1ab_0 @ noarch
urllib3=2.1.0=pyhd8ed1ab_0 @ noarch
uwsgi=2.0.23=py38h23773a5_0 @ linux-64
wasabi=1.1.2=py38h578d9bd_0 @ linux-64
weasel=0.3.4=pyhd8ed1ab_0 @ noarch
werkzeug=3.0.1=pyhd8ed1ab_0 @ noarch
wheel=0.42.0=pyhd8ed1ab_0 @ noarch
xxhash=0.8.2=hd590300_0 @ linux-64
xz=5.4.5=h5eee18b_0 @ linux-64
yaml=0.2.5=h7f98852_2 @ linux-64
yarl=1.9.4=py38h01eb140_0 @ linux-64
zipp=3.17.0=pyhd8ed1ab_0 @ noarch
zstd=1.5.5=hfc55251_0 @ linux-64

[Conda lock version]
v2 - 93b99023a75dc17d358ecb5f244175e3a66e547b663bdff742c51ab217a5872b
